
Microsoft Visual Studio Solution File, Format Version 12.00
# Visual Studio Version 17
VisualStudioVersion = 17.3.32825.248
MinimumVisualStudioVersion = 10.0.40219.1
Project("{FAE04EC0-301F-11D3-BF4B-00C04F79EFBC}") = "HashId-Generator-Windows", "HashId-Generator-Windows\HashId-Generator-Windows.csproj", "{DC7167E6-71E2-48B8-9CCA-7822C9AD6AF6}"
EndProject
Global
	GlobalSection(SolutionConfigurationPlatforms) = preSolution
		Debug|Any CPU = Debug|Any CPU
		Release|Any CPU = Release|Any CPU
	EndGlobalSection
	GlobalSection(ProjectConfigurationPlatforms) = postSolution
		{DC7167E6-71E2-48B8-9CCA-7822C9AD6AF6}.Debug|Any CPU.ActiveCfg = Debug|Any CPU
		{DC7167E6-71E2-48B8-9CCA-7822C9AD6AF6}.Debug|Any CPU.Build.0 = Debug|Any CPU
		{DC7167E6-71E2-48B8-9CCA-7822C9AD6AF6}.Release|Any CPU.ActiveCfg = Release|Any CPU
		{DC7167E6-71E2-48B8-9CCA-7822C9AD6AF6}.Release|Any CPU.Build.0 = Release|Any CPU
	EndGlobalSection
	GlobalSection(SolutionProperties) = preSolution
		HideSolutionNode = FALSE
	EndGlobalSection
	GlobalSection(ExtensibilityGlobals) = postSolution
		SolutionGuid = {1543D724-850B-4A42-8074-3298600C78FF}
	EndGlobalSection
EndGlobal
